
Microsoft Visual Studio Solution File, Format Version 11.00
# Visual Studio 2010
Project("{FAE04EC0-301F-11D3-BF4B-00C04F79EFBC}") = "UberDeployer.Core", "UberDeployer.Core\UberDeployer.Core.csproj", "{FF46EF5A-C434-4B3C-9F90-5BD242238B83}"
EndProject
Project("{FAE04EC0-301F-11D3-BF4B-00C04F79EFBC}") = "UberDeployer.Core.Tests", "UberDeployer.Core.Tests\UberDeployer.Core.Tests.csproj", "{9D43050A-2614-4022-A024-28FE293BB203}"
EndProject
Project("{FAE04EC0-301F-11D3-BF4B-00C04F79EFBC}") = "UberDeployer.WinApp", "UberDeployer.WinApp\UberDeployer.WinApp.csproj", "{80E906E0-CE73-45FE-A8A9-54BAE88F709C}"
EndProject
Project("{FAE04EC0-301F-11D3-BF4B-00C04F79EFBC}") = "UberDeployer.ConsoleApp", "UberDeployer.ConsoleApp\UberDeployer.ConsoleApp.csproj", "{24B7E460-580D-4C34-89A2-4CEBEB0302FB}"
EndProject
Project("{FAE04EC0-301F-11D3-BF4B-00C04F79EFBC}") = "UberDeployer.CommonConfiguration", "UberDeployer.CommonConfiguration\UberDeployer.CommonConfiguration.csproj", "{1F7893B7-4540-4469-BE29-39A3BEEE2584}"
EndProject
Project("{FAE04EC0-301F-11D3-BF4B-00C04F79EFBC}") = "UberDeployer.ConsoleCommander", "UberDeployer.ConsoleCommander\UberDeployer.ConsoleCommander.csproj", "{9FD59C63-52EF-40D1-8341-1ED7F24605A2}"
EndProject
Project("{2150E333-8FDC-42A3-9474-1A3956D46DE8}") = "Tests", "Tests", "{2064EC26-1303-4A9A-B7AB-2402EB225213}"
EndProject
Project("{FAE04EC0-301F-11D3-BF4B-00C04F79EFBC}") = "UberDeployer.NAnt", "UberDeployer.NAnt\UberDeployer.NAnt.csproj", "{F8B00BFD-BA4F-41A6-BA31-9187759C0C75}"
EndProject
Project("{FAE04EC0-301F-11D3-BF4B-00C04F79EFBC}") = "ProjectDepsVisualizer", "ProjectDepsVisualizer\ProjectDepsVisualizer.csproj", "{C223DA00-7413-4BEE-B4A3-272E8E02CC45}"
EndProject
Global
	GlobalSection(SolutionConfigurationPlatforms) = preSolution
		Debug|Any CPU = Debug|Any CPU
		Debug|Mixed Platforms = Debug|Mixed Platforms
		Debug|x86 = Debug|x86
		Release|Any CPU = Release|Any CPU
		Release|Mixed Platforms = Release|Mixed Platforms
		Release|x86 = Release|x86
	EndGlobalSection
	GlobalSection(ProjectConfigurationPlatforms) = postSolution
		{FF46EF5A-C434-4B3C-9F90-5BD242238B83}.Debug|Any CPU.ActiveCfg = Debug|Any CPU
		{FF46EF5A-C434-4B3C-9F90-5BD242238B83}.Debug|Any CPU.Build.0 = Debug|Any CPU
		{FF46EF5A-C434-4B3C-9F90-5BD242238B83}.Debug|Mixed Platforms.ActiveCfg = Debug|Any CPU
		{FF46EF5A-C434-4B3C-9F90-5BD242238B83}.Debug|Mixed Platforms.Build.0 = Debug|Any CPU
		{FF46EF5A-C434-4B3C-9F90-5BD242238B83}.Debug|x86.ActiveCfg = Debug|Any CPU
		{FF46EF5A-C434-4B3C-9F90-5BD242238B83}.Release|Any CPU.ActiveCfg = Release|Any CPU
		{FF46EF5A-C434-4B3C-9F90-5BD242238B83}.Release|Any CPU.Build.0 = Release|Any CPU
		{FF46EF5A-C434-4B3C-9F90-5BD242238B83}.Release|Mixed Platforms.ActiveCfg = Release|Any CPU
		{FF46EF5A-C434-4B3C-9F90-5BD242238B83}.Release|Mixed Platforms.Build.0 = Release|Any CPU
		{FF46EF5A-C434-4B3C-9F90-5BD242238B83}.Release|x86.ActiveCfg = Release|Any CPU
		{9D43050A-2614-4022-A024-28FE293BB203}.Debug|Any CPU.ActiveCfg = Debug|Any CPU
		{9D43050A-2614-4022-A024-28FE293BB203}.Debug|Any CPU.Build.0 = Debug|Any CPU
		{9D43050A-2614-4022-A024-28FE293BB203}.Debug|Mixed Platforms.ActiveCfg = Debug|Any CPU
		{9D43050A-2614-4022-A024-28FE293BB203}.Debug|Mixed Platforms.Build.0 = Debug|Any CPU
		{9D43050A-2614-4022-A024-28FE293BB203}.Debug|x86.ActiveCfg = Debug|Any CPU
		{9D43050A-2614-4022-A024-28FE293BB203}.Release|Any CPU.ActiveCfg = Release|Any CPU
		{9D43050A-2614-4022-A024-28FE293BB203}.Release|Any CPU.Build.0 = Release|Any CPU
		{9D43050A-2614-4022-A024-28FE293BB203}.Release|Mixed Platforms.ActiveCfg = Release|Any CPU
		{9D43050A-2614-4022-A024-28FE293BB203}.Release|Mixed Platforms.Build.0 = Release|Any CPU
		{9D43050A-2614-4022-A024-28FE293BB203}.Release|x86.ActiveCfg = Release|Any CPU
		{80E906E0-CE73-45FE-A8A9-54BAE88F709C}.Debug|Any CPU.ActiveCfg = Debug|Any CPU
		{80E906E0-CE73-45FE-A8A9-54BAE88F709C}.Debug|Any CPU.Build.0 = Debug|Any CPU
		{80E906E0-CE73-45FE-A8A9-54BAE88F709C}.Debug|Mixed Platforms.ActiveCfg = Debug|Any CPU
		{80E906E0-CE73-45FE-A8A9-54BAE88F709C}.Debug|Mixed Platforms.Build.0 = Debug|Any CPU
		{80E906E0-CE73-45FE-A8A9-54BAE88F709C}.Debug|x86.ActiveCfg = Debug|Any CPU
		{80E906E0-CE73-45FE-A8A9-54BAE88F709C}.Release|Any CPU.ActiveCfg = Release|Any CPU
		{80E906E0-CE73-45FE-A8A9-54BAE88F709C}.Release|Any CPU.Build.0 = Release|Any CPU
		{80E906E0-CE73-45FE-A8A9-54BAE88F709C}.Release|Mixed Platforms.ActiveCfg = Release|Any CPU
		{80E906E0-CE73-45FE-A8A9-54BAE88F709C}.Release|Mixed Platforms.Build.0 = Release|Any CPU
		{80E906E0-CE73-45FE-A8A9-54BAE88F709C}.Release|x86.ActiveCfg = Release|Any CPU
		{24B7E460-580D-4C34-89A2-4CEBEB0302FB}.Debug|Any CPU.ActiveCfg = Debug|Any CPU
		{24B7E460-580D-4C34-89A2-4CEBEB0302FB}.Debug|Any CPU.Build.0 = Debug|Any CPU
		{24B7E460-580D-4C34-89A2-4CEBEB0302FB}.Debug|Mixed Platforms.ActiveCfg = Debug|Any CPU
		{24B7E460-580D-4C34-89A2-4CEBEB0302FB}.Debug|Mixed Platforms.Build.0 = Debug|Any CPU
		{24B7E460-580D-4C34-89A2-4CEBEB0302FB}.Debug|x86.ActiveCfg = Debug|Any CPU
		{24B7E460-580D-4C34-89A2-4CEBEB0302FB}.Release|Any CPU.ActiveCfg = Release|Any CPU
		{24B7E460-580D-4C34-89A2-4CEBEB0302FB}.Release|Any CPU.Build.0 = Release|Any CPU
		{24B7E460-580D-4C34-89A2-4CEBEB0302FB}.Release|Mixed Platforms.ActiveCfg = Release|Any CPU
		{24B7E460-580D-4C34-89A2-4CEBEB0302FB}.Release|Mixed Platforms.Build.0 = Release|Any CPU
		{24B7E460-580D-4C34-89A2-4CEBEB0302FB}.Release|x86.ActiveCfg = Release|Any CPU
		{1F7893B7-4540-4469-BE29-39A3BEEE2584}.Debug|Any CPU.ActiveCfg = Debug|Any CPU
		{1F7893B7-4540-4469-BE29-39A3BEEE2584}.Debug|Any CPU.Build.0 = Debug|Any CPU
		{1F7893B7-4540-4469-BE29-39A3BEEE2584}.Debug|Mixed Platforms.ActiveCfg = Debug|Any CPU
		{1F7893B7-4540-4469-BE29-39A3BEEE2584}.Debug|Mixed Platforms.Build.0 = Debug|Any CPU
		{1F7893B7-4540-4469-BE29-39A3BEEE2584}.Debug|x86.ActiveCfg = Debug|Any CPU
		{1F7893B7-4540-4469-BE29-39A3BEEE2584}.Release|Any CPU.ActiveCfg = Release|Any CPU
		{1F7893B7-4540-4469-BE29-39A3BEEE2584}.Release|Any CPU.Build.0 = Release|Any CPU
		{1F7893B7-4540-4469-BE29-39A3BEEE2584}.Release|Mixed Platforms.ActiveCfg = Release|Any CPU
		{1F7893B7-4540-4469-BE29-39A3BEEE2584}.Release|Mixed Platforms.Build.0 = Release|Any CPU
		{1F7893B7-4540-4469-BE29-39A3BEEE2584}.Release|x86.ActiveCfg = Release|Any CPU
		{9FD59C63-52EF-40D1-8341-1ED7F24605A2}.Debug|Any CPU.ActiveCfg = Debug|Any CPU
		{9FD59C63-52EF-40D1-8341-1ED7F24605A2}.Debug|Any CPU.Build.0 = Debug|Any CPU
		{9FD59C63-52EF-40D1-8341-1ED7F24605A2}.Debug|Mixed Platforms.ActiveCfg = Debug|Any CPU
		{9FD59C63-52EF-40D1-8341-1ED7F24605A2}.Debug|Mixed Platforms.Build.0 = Debug|Any CPU
		{9FD59C63-52EF-40D1-8341-1ED7F24605A2}.Debug|x86.ActiveCfg = Debug|Any CPU
		{9FD59C63-52EF-40D1-8341-1ED7F24605A2}.Release|Any CPU.ActiveCfg = Release|Any CPU
		{9FD59C63-52EF-40D1-8341-1ED7F24605A2}.Release|Any CPU.Build.0 = Release|Any CPU
		{9FD59C63-52EF-40D1-8341-1ED7F24605A2}.Release|Mixed Platforms.ActiveCfg = Release|Any CPU
		{9FD59C63-52EF-40D1-8341-1ED7F24605A2}.Release|Mixed Platforms.Build.0 = Release|Any CPU
		{9FD59C63-52EF-40D1-8341-1ED7F24605A2}.Release|x86.ActiveCfg = Release|Any CPU
		{F8B00BFD-BA4F-41A6-BA31-9187759C0C75}.Debug|Any CPU.ActiveCfg = Debug|Any CPU
		{F8B00BFD-BA4F-41A6-BA31-9187759C0C75}.Debug|Any CPU.Build.0 = Debug|Any CPU
		{F8B00BFD-BA4F-41A6-BA31-9187759C0C75}.Debug|Mixed Platforms.ActiveCfg = Debug|Any CPU
		{F8B00BFD-BA4F-41A6-BA31-9187759C0C75}.Debug|Mixed Platforms.Build.0 = Debug|Any CPU
		{F8B00BFD-BA4F-41A6-BA31-9187759C0C75}.Debug|x86.ActiveCfg = Debug|Any CPU
		{F8B00BFD-BA4F-41A6-BA31-9187759C0C75}.Release|Any CPU.ActiveCfg = Release|Any CPU
		{F8B00BFD-BA4F-41A6-BA31-9187759C0C75}.Release|Any CPU.Build.0 = Release|Any CPU
		{F8B00BFD-BA4F-41A6-BA31-9187759C0C75}.Release|Mixed Platforms.ActiveCfg = Release|Any CPU
		{F8B00BFD-BA4F-41A6-BA31-9187759C0C75}.Release|Mixed Platforms.Build.0 = Release|Any CPU
		{F8B00BFD-BA4F-41A6-BA31-9187759C0C75}.Release|x86.ActiveCfg = Release|Any CPU
		{C223DA00-7413-4BEE-B4A3-272E8E02CC45}.Debug|Any CPU.ActiveCfg = Debug|Any CPU
		{C223DA00-7413-4BEE-B4A3-272E8E02CC45}.Debug|Any CPU.Build.0 = Debug|Any CPU
		{C223DA00-7413-4BEE-B4A3-272E8E02CC45}.Debug|Mixed Platforms.ActiveCfg = Debug|Any CPU
		{C223DA00-7413-4BEE-B4A3-272E8E02CC45}.Debug|Mixed Platforms.Build.0 = Debug|Any CPU
		{C223DA00-7413-4BEE-B4A3-272E8E02CC45}.Debug|x86.ActiveCfg = Debug|x86
		{C223DA00-7413-4BEE-B4A3-272E8E02CC45}.Debug|x86.Build.0 = Debug|x86
		{C223DA00-7413-4BEE-B4A3-272E8E02CC45}.Release|Any CPU.ActiveCfg = Release|Any CPU
		{C223DA00-7413-4BEE-B4A3-272E8E02CC45}.Release|Any CPU.Build.0 = Release|Any CPU
		{C223DA00-7413-4BEE-B4A3-272E8E02CC45}.Release|Mixed Platforms.ActiveCfg = Release|Any CPU
		{C223DA00-7413-4BEE-B4A3-272E8E02CC45}.Release|Mixed Platforms.Build.0 = Release|Any CPU
		{C223DA00-7413-4BEE-B4A3-272E8E02CC45}.Release|x86.ActiveCfg = Release|x86
		{C223DA00-7413-4BEE-B4A3-272E8E02CC45}.Release|x86.Build.0 = Release|x86
	EndGlobalSection
	GlobalSection(SolutionProperties) = preSolution
		HideSolutionNode = FALSE
	EndGlobalSection
	GlobalSection(NestedProjects) = preSolution
		{9D43050A-2614-4022-A024-28FE293BB203} = {2064EC26-1303-4A9A-B7AB-2402EB225213}
	EndGlobalSection
EndGlobal
