
Microsoft Visual Studio Solution File, Format Version 12.00
# Visual Studio 2012
Project("{2150E333-8FDC-42A3-9474-1A3956D46DE8}") = "Tests", "Tests", "{2064EC26-1303-4A9A-B7AB-2402EB225213}"
EndProject
Project("{FAE04EC0-301F-11D3-BF4B-00C04F79EFBC}") = "UberDeployer.Core", "UberDeployer.Core\UberDeployer.Core.csproj", "{FF46EF5A-C434-4B3C-9F90-5BD242238B83}"
EndProject
Project("{FAE04EC0-301F-11D3-BF4B-00C04F79EFBC}") = "UberDeployer.Core.Tests", "UberDeployer.Core.Tests\UberDeployer.Core.Tests.csproj", "{9D43050A-2614-4022-A024-28FE293BB203}"
EndProject
Project("{FAE04EC0-301F-11D3-BF4B-00C04F79EFBC}") = "UberDeployer.WinApp", "UberDeployer.WinApp\UberDeployer.WinApp.csproj", "{80E906E0-CE73-45FE-A8A9-54BAE88F709C}"
EndProject
Project("{FAE04EC0-301F-11D3-BF4B-00C04F79EFBC}") = "UberDeployer.ConsoleApp", "UberDeployer.ConsoleApp\UberDeployer.ConsoleApp.csproj", "{24B7E460-580D-4C34-89A2-4CEBEB0302FB}"
EndProject
Project("{FAE04EC0-301F-11D3-BF4B-00C04F79EFBC}") = "UberDeployer.CommonConfiguration", "UberDeployer.CommonConfiguration\UberDeployer.CommonConfiguration.csproj", "{1F7893B7-4540-4469-BE29-39A3BEEE2584}"
EndProject
Project("{FAE04EC0-301F-11D3-BF4B-00C04F79EFBC}") = "UberDeployer.ConsoleCommander", "UberDeployer.ConsoleCommander\UberDeployer.ConsoleCommander.csproj", "{9FD59C63-52EF-40D1-8341-1ED7F24605A2}"
EndProject
Project("{FAE04EC0-301F-11D3-BF4B-00C04F79EFBC}") = "UberDeployer.NAnt", "UberDeployer.NAnt\UberDeployer.NAnt.csproj", "{F8B00BFD-BA4F-41A6-BA31-9187759C0C75}"
EndProject
Project("{FAE04EC0-301F-11D3-BF4B-00C04F79EFBC}") = "ProjectDepsVisualizer", "ProjectDepsVisualizer\ProjectDepsVisualizer.csproj", "{C223DA00-7413-4BEE-B4A3-272E8E02CC45}"
EndProject
Project("{FAE04EC0-301F-11D3-BF4B-00C04F79EFBC}") = "UberDeployer.Agent.Service", "UberDeployer.Agent.Service\UberDeployer.Agent.Service.csproj", "{31B1E1BD-5D9D-4156-99D7-EDE0E662CCC6}"
EndProject
Project("{FAE04EC0-301F-11D3-BF4B-00C04F79EFBC}") = "UberDeployer.Agent.NtService", "UberDeployer.Agent.NtService\UberDeployer.Agent.NtService.csproj", "{99E92304-7E2D-40FB-B656-4915BEE02EC1}"
EndProject
Project("{FAE04EC0-301F-11D3-BF4B-00C04F79EFBC}") = "UberDeployer.Agent.Proxy", "UberDeployer.Agent.Proxy\UberDeployer.Agent.Proxy.csproj", "{20970513-4A64-420E-B814-4D8FC89698FA}"
EndProject
Project("{FAE04EC0-301F-11D3-BF4B-00C04F79EFBC}") = "UberDeployer.Common", "UberDeployer.Common\UberDeployer.Common.csproj", "{256FF6D7-F1B8-43E7-97CA-7A63455C0BE6}"
EndProject
Project("{FAE04EC0-301F-11D3-BF4B-00C04F79EFBC}") = "UberDeployer.WebApp", "UberDeployer.WebApp\UberDeployer.WebApp.csproj", "{720257A5-4AAE-4891-AF33-4D98923DB86F}"
EndProject
Project("{FAE04EC0-301F-11D3-BF4B-00C04F79EFBC}") = "UberDeployer.Core.DbDiff", "UberDeployer.Core.DbDiff\UberDeployer.Core.DbDiff.csproj", "{42554C30-1E25-4ABC-814C-A4B624713212}"
EndProject
Project("{FAE04EC0-301F-11D3-BF4B-00C04F79EFBC}") = "UberDeployer.Common.Tests", "UberDeployer.Common.Tests\UberDeployer.Common.Tests.csproj", "{115B32FE-9041-42D2-9149-8C430BC250B4}"
EndProject
Project("{00D1A9C2-B5F0-4AF3-8072-F6C62B433612}") = "UberDeployer.Database", "UberDeployer.Database\UberDeployer.Database.sqlproj", "{14F485F0-7957-48B2-B825-BE742FB1D815}"
EndProject
Project("{FAE04EC0-301F-11D3-BF4B-00C04F79EFBC}") = "UberDeployer.Agent.Service.Tests", "UberDeployer.Agent.Service.Tests\UberDeployer.Agent.Service.Tests.csproj", "{1D3ED7D4-B5C8-4B8B-A1D6-6D818EAA959D}"
EndProject
Project("{FAE04EC0-301F-11D3-BF4B-00C04F79EFBC}") = "UberDeployer.WebApp.Tests", "UberDeployer.WebApp.Tests\UberDeployer.WebApp.Tests.csproj", "{DA183C81-DB12-42FB-805D-5702677F056B}"
EndProject
Project("{FAE04EC0-301F-11D3-BF4B-00C04F79EFBC}") = "UberDeployer.Core.DbDiff.Tests", "UberDeployer.Core.DbDiff.Tests\UberDeployer.Core.DbDiff.Tests.csproj", "{B07F92E4-2B43-419D-981D-11BBBFC78352}"
EndProject
Global
	GlobalSection(SolutionConfigurationPlatforms) = preSolution
		Debug|Any CPU = Debug|Any CPU
		Release|Any CPU = Release|Any CPU
	EndGlobalSection
	GlobalSection(ProjectConfigurationPlatforms) = postSolution
		{FF46EF5A-C434-4B3C-9F90-5BD242238B83}.Debug|Any CPU.ActiveCfg = Debug|Any CPU
		{FF46EF5A-C434-4B3C-9F90-5BD242238B83}.Debug|Any CPU.Build.0 = Debug|Any CPU
		{FF46EF5A-C434-4B3C-9F90-5BD242238B83}.Release|Any CPU.ActiveCfg = Release|Any CPU
		{FF46EF5A-C434-4B3C-9F90-5BD242238B83}.Release|Any CPU.Build.0 = Release|Any CPU
		{9D43050A-2614-4022-A024-28FE293BB203}.Debug|Any CPU.ActiveCfg = Debug|Any CPU
		{9D43050A-2614-4022-A024-28FE293BB203}.Debug|Any CPU.Build.0 = Debug|Any CPU
		{9D43050A-2614-4022-A024-28FE293BB203}.Release|Any CPU.ActiveCfg = Release|Any CPU
		{9D43050A-2614-4022-A024-28FE293BB203}.Release|Any CPU.Build.0 = Release|Any CPU
		{80E906E0-CE73-45FE-A8A9-54BAE88F709C}.Debug|Any CPU.ActiveCfg = Debug|Any CPU
		{80E906E0-CE73-45FE-A8A9-54BAE88F709C}.Debug|Any CPU.Build.0 = Debug|Any CPU
		{80E906E0-CE73-45FE-A8A9-54BAE88F709C}.Release|Any CPU.ActiveCfg = Release|Any CPU
		{80E906E0-CE73-45FE-A8A9-54BAE88F709C}.Release|Any CPU.Build.0 = Release|Any CPU
		{24B7E460-580D-4C34-89A2-4CEBEB0302FB}.Debug|Any CPU.ActiveCfg = Debug|Any CPU
		{24B7E460-580D-4C34-89A2-4CEBEB0302FB}.Debug|Any CPU.Build.0 = Debug|Any CPU
		{24B7E460-580D-4C34-89A2-4CEBEB0302FB}.Release|Any CPU.ActiveCfg = Release|Any CPU
		{24B7E460-580D-4C34-89A2-4CEBEB0302FB}.Release|Any CPU.Build.0 = Release|Any CPU
		{1F7893B7-4540-4469-BE29-39A3BEEE2584}.Debug|Any CPU.ActiveCfg = Debug|Any CPU
		{1F7893B7-4540-4469-BE29-39A3BEEE2584}.Debug|Any CPU.Build.0 = Debug|Any CPU
		{1F7893B7-4540-4469-BE29-39A3BEEE2584}.Release|Any CPU.ActiveCfg = Release|Any CPU
		{1F7893B7-4540-4469-BE29-39A3BEEE2584}.Release|Any CPU.Build.0 = Release|Any CPU
		{9FD59C63-52EF-40D1-8341-1ED7F24605A2}.Debug|Any CPU.ActiveCfg = Debug|Any CPU
		{9FD59C63-52EF-40D1-8341-1ED7F24605A2}.Debug|Any CPU.Build.0 = Debug|Any CPU
		{9FD59C63-52EF-40D1-8341-1ED7F24605A2}.Release|Any CPU.ActiveCfg = Release|Any CPU
		{9FD59C63-52EF-40D1-8341-1ED7F24605A2}.Release|Any CPU.Build.0 = Release|Any CPU
		{F8B00BFD-BA4F-41A6-BA31-9187759C0C75}.Debug|Any CPU.ActiveCfg = Debug|Any CPU
		{F8B00BFD-BA4F-41A6-BA31-9187759C0C75}.Debug|Any CPU.Build.0 = Debug|Any CPU
		{F8B00BFD-BA4F-41A6-BA31-9187759C0C75}.Release|Any CPU.ActiveCfg = Release|Any CPU
		{F8B00BFD-BA4F-41A6-BA31-9187759C0C75}.Release|Any CPU.Build.0 = Release|Any CPU
		{C223DA00-7413-4BEE-B4A3-272E8E02CC45}.Debug|Any CPU.ActiveCfg = Debug|Any CPU
		{C223DA00-7413-4BEE-B4A3-272E8E02CC45}.Debug|Any CPU.Build.0 = Debug|Any CPU
		{C223DA00-7413-4BEE-B4A3-272E8E02CC45}.Release|Any CPU.ActiveCfg = Release|Any CPU
		{C223DA00-7413-4BEE-B4A3-272E8E02CC45}.Release|Any CPU.Build.0 = Release|Any CPU
		{31B1E1BD-5D9D-4156-99D7-EDE0E662CCC6}.Debug|Any CPU.ActiveCfg = Debug|Any CPU
		{31B1E1BD-5D9D-4156-99D7-EDE0E662CCC6}.Debug|Any CPU.Build.0 = Debug|Any CPU
		{31B1E1BD-5D9D-4156-99D7-EDE0E662CCC6}.Release|Any CPU.ActiveCfg = Release|Any CPU
		{31B1E1BD-5D9D-4156-99D7-EDE0E662CCC6}.Release|Any CPU.Build.0 = Release|Any CPU
		{99E92304-7E2D-40FB-B656-4915BEE02EC1}.Debug|Any CPU.ActiveCfg = Debug|Any CPU
		{99E92304-7E2D-40FB-B656-4915BEE02EC1}.Debug|Any CPU.Build.0 = Debug|Any CPU
		{99E92304-7E2D-40FB-B656-4915BEE02EC1}.Release|Any CPU.ActiveCfg = Release|Any CPU
		{99E92304-7E2D-40FB-B656-4915BEE02EC1}.Release|Any CPU.Build.0 = Release|Any CPU
		{20970513-4A64-420E-B814-4D8FC89698FA}.Debug|Any CPU.ActiveCfg = Debug|Any CPU
		{20970513-4A64-420E-B814-4D8FC89698FA}.Debug|Any CPU.Build.0 = Debug|Any CPU
		{20970513-4A64-420E-B814-4D8FC89698FA}.Release|Any CPU.ActiveCfg = Release|Any CPU
		{20970513-4A64-420E-B814-4D8FC89698FA}.Release|Any CPU.Build.0 = Release|Any CPU
		{256FF6D7-F1B8-43E7-97CA-7A63455C0BE6}.Debug|Any CPU.ActiveCfg = Debug|Any CPU
		{256FF6D7-F1B8-43E7-97CA-7A63455C0BE6}.Debug|Any CPU.Build.0 = Debug|Any CPU
		{256FF6D7-F1B8-43E7-97CA-7A63455C0BE6}.Release|Any CPU.ActiveCfg = Release|Any CPU
		{256FF6D7-F1B8-43E7-97CA-7A63455C0BE6}.Release|Any CPU.Build.0 = Release|Any CPU
		{720257A5-4AAE-4891-AF33-4D98923DB86F}.Debug|Any CPU.ActiveCfg = Debug|Any CPU
		{720257A5-4AAE-4891-AF33-4D98923DB86F}.Debug|Any CPU.Build.0 = Debug|Any CPU
		{720257A5-4AAE-4891-AF33-4D98923DB86F}.Release|Any CPU.ActiveCfg = Release|Any CPU
		{720257A5-4AAE-4891-AF33-4D98923DB86F}.Release|Any CPU.Build.0 = Release|Any CPU
		{42554C30-1E25-4ABC-814C-A4B624713212}.Debug|Any CPU.ActiveCfg = Debug|Any CPU
		{42554C30-1E25-4ABC-814C-A4B624713212}.Debug|Any CPU.Build.0 = Debug|Any CPU
		{42554C30-1E25-4ABC-814C-A4B624713212}.Release|Any CPU.ActiveCfg = Release|Any CPU
		{42554C30-1E25-4ABC-814C-A4B624713212}.Release|Any CPU.Build.0 = Release|Any CPU
		{115B32FE-9041-42D2-9149-8C430BC250B4}.Debug|Any CPU.ActiveCfg = Debug|Any CPU
		{115B32FE-9041-42D2-9149-8C430BC250B4}.Debug|Any CPU.Build.0 = Debug|Any CPU
		{115B32FE-9041-42D2-9149-8C430BC250B4}.Release|Any CPU.ActiveCfg = Release|Any CPU
		{115B32FE-9041-42D2-9149-8C430BC250B4}.Release|Any CPU.Build.0 = Release|Any CPU
		{14F485F0-7957-48B2-B825-BE742FB1D815}.Debug|Any CPU.ActiveCfg = Debug|Any CPU
		{14F485F0-7957-48B2-B825-BE742FB1D815}.Debug|Any CPU.Build.0 = Debug|Any CPU
		{14F485F0-7957-48B2-B825-BE742FB1D815}.Release|Any CPU.ActiveCfg = Release|Any CPU
		{1D3ED7D4-B5C8-4B8B-A1D6-6D818EAA959D}.Debug|Any CPU.ActiveCfg = Debug|Any CPU
		{1D3ED7D4-B5C8-4B8B-A1D6-6D818EAA959D}.Debug|Any CPU.Build.0 = Debug|Any CPU
		{1D3ED7D4-B5C8-4B8B-A1D6-6D818EAA959D}.Release|Any CPU.ActiveCfg = Release|Any CPU
		{1D3ED7D4-B5C8-4B8B-A1D6-6D818EAA959D}.Release|Any CPU.Build.0 = Release|Any CPU
		{DA183C81-DB12-42FB-805D-5702677F056B}.Debug|Any CPU.ActiveCfg = Debug|Any CPU
		{DA183C81-DB12-42FB-805D-5702677F056B}.Debug|Any CPU.Build.0 = Debug|Any CPU
		{DA183C81-DB12-42FB-805D-5702677F056B}.Release|Any CPU.ActiveCfg = Release|Any CPU
		{DA183C81-DB12-42FB-805D-5702677F056B}.Release|Any CPU.Build.0 = Release|Any CPU
		{B07F92E4-2B43-419D-981D-11BBBFC78352}.Debug|Any CPU.ActiveCfg = Debug|Any CPU
		{B07F92E4-2B43-419D-981D-11BBBFC78352}.Debug|Any CPU.Build.0 = Debug|Any CPU
		{B07F92E4-2B43-419D-981D-11BBBFC78352}.Release|Any CPU.ActiveCfg = Release|Any CPU
		{B07F92E4-2B43-419D-981D-11BBBFC78352}.Release|Any CPU.Build.0 = Release|Any CPU
	EndGlobalSection
	GlobalSection(SolutionProperties) = preSolution
		HideSolutionNode = FALSE
	EndGlobalSection
	GlobalSection(NestedProjects) = preSolution
		{9D43050A-2614-4022-A024-28FE293BB203} = {2064EC26-1303-4A9A-B7AB-2402EB225213}
		{115B32FE-9041-42D2-9149-8C430BC250B4} = {2064EC26-1303-4A9A-B7AB-2402EB225213}
		{1D3ED7D4-B5C8-4B8B-A1D6-6D818EAA959D} = {2064EC26-1303-4A9A-B7AB-2402EB225213}
		{DA183C81-DB12-42FB-805D-5702677F056B} = {2064EC26-1303-4A9A-B7AB-2402EB225213}
		{B07F92E4-2B43-419D-981D-11BBBFC78352} = {2064EC26-1303-4A9A-B7AB-2402EB225213}
	EndGlobalSection
EndGlobal
