
Microsoft Visual Studio Solution File, Format Version 11.00
# Visual Studio 2010
Project("{FAE04EC0-301F-11D3-BF4B-00C04F79EFBC}") = "UberDeployer.Core", "UberDeployer.Core\UberDeployer.Core.csproj", "{A7FBD8CF-8E87-4029-B8B3-9F37B59C2BC1}"
EndProject
Project("{FAE04EC0-301F-11D3-BF4B-00C04F79EFBC}") = "UberDeployer.ConsoleCommander", "UberDeployer.ConsoleCommander\UberDeployer.ConsoleCommander.csproj", "{141546D0-C641-4146-8F0C-DFBBF66A0F6C}"
EndProject
Project("{FAE04EC0-301F-11D3-BF4B-00C04F79EFBC}") = "UberDeployer.ConsoleApp", "UberDeployer.ConsoleApp\UberDeployer.ConsoleApp.csproj", "{DA9D8E32-4CEF-44FD-90C5-14B20C1B74C5}"
EndProject
Project("{FAE04EC0-301F-11D3-BF4B-00C04F79EFBC}") = "UberDeployer.CommonConfiguration", "UberDeployer.CommonConfiguration\UberDeployer.CommonConfiguration.csproj", "{CAFF4BEB-C983-4041-8A6C-A34EC68E546B}"
EndProject
Project("{C8D11400-126E-41CD-887F-60BD40844F9E}") = "UberDeployer.Database", "UberDeployer.Database\UberDeployer.Database.dbproj", "{67CBC824-A49E-4E9B-A947-360F3DFE65C3}"
EndProject
Project("{FAE04EC0-301F-11D3-BF4B-00C04F79EFBC}") = "UberDeployer.Core.Tests", "UberDeployer.Core.Tests\UberDeployer.Core.Tests.csproj", "{F6E27B5E-EC49-4A62-9346-D8B726CA57E6}"
EndProject
Project("{2150E333-8FDC-42A3-9474-1A3956D46DE8}") = "Tests", "Tests", "{7F766DDD-7462-4E8C-88F8-612E49C4C37C}"
EndProject
Global
	GlobalSection(SolutionConfigurationPlatforms) = preSolution
		Debug|Any CPU = Debug|Any CPU
		Debug|Mixed Platforms = Debug|Mixed Platforms
		Debug|x86 = Debug|x86
		Release|Any CPU = Release|Any CPU
		Release|Mixed Platforms = Release|Mixed Platforms
		Release|x86 = Release|x86
	EndGlobalSection
	GlobalSection(ProjectConfigurationPlatforms) = postSolution
		{A7FBD8CF-8E87-4029-B8B3-9F37B59C2BC1}.Debug|Any CPU.ActiveCfg = Debug|Any CPU
		{A7FBD8CF-8E87-4029-B8B3-9F37B59C2BC1}.Debug|Any CPU.Build.0 = Debug|Any CPU
		{A7FBD8CF-8E87-4029-B8B3-9F37B59C2BC1}.Debug|Mixed Platforms.ActiveCfg = Debug|Any CPU
		{A7FBD8CF-8E87-4029-B8B3-9F37B59C2BC1}.Debug|Mixed Platforms.Build.0 = Debug|Any CPU
		{A7FBD8CF-8E87-4029-B8B3-9F37B59C2BC1}.Debug|x86.ActiveCfg = Debug|Any CPU
		{A7FBD8CF-8E87-4029-B8B3-9F37B59C2BC1}.Release|Any CPU.ActiveCfg = Release|Any CPU
		{A7FBD8CF-8E87-4029-B8B3-9F37B59C2BC1}.Release|Any CPU.Build.0 = Release|Any CPU
		{A7FBD8CF-8E87-4029-B8B3-9F37B59C2BC1}.Release|Mixed Platforms.ActiveCfg = Release|Any CPU
		{A7FBD8CF-8E87-4029-B8B3-9F37B59C2BC1}.Release|Mixed Platforms.Build.0 = Release|Any CPU
		{A7FBD8CF-8E87-4029-B8B3-9F37B59C2BC1}.Release|x86.ActiveCfg = Release|Any CPU
		{141546D0-C641-4146-8F0C-DFBBF66A0F6C}.Debug|Any CPU.ActiveCfg = Debug|Any CPU
		{141546D0-C641-4146-8F0C-DFBBF66A0F6C}.Debug|Any CPU.Build.0 = Debug|Any CPU
		{141546D0-C641-4146-8F0C-DFBBF66A0F6C}.Debug|Mixed Platforms.ActiveCfg = Debug|Any CPU
		{141546D0-C641-4146-8F0C-DFBBF66A0F6C}.Debug|Mixed Platforms.Build.0 = Debug|Any CPU
		{141546D0-C641-4146-8F0C-DFBBF66A0F6C}.Debug|x86.ActiveCfg = Debug|Any CPU
		{141546D0-C641-4146-8F0C-DFBBF66A0F6C}.Release|Any CPU.ActiveCfg = Release|Any CPU
		{141546D0-C641-4146-8F0C-DFBBF66A0F6C}.Release|Any CPU.Build.0 = Release|Any CPU
		{141546D0-C641-4146-8F0C-DFBBF66A0F6C}.Release|Mixed Platforms.ActiveCfg = Release|Any CPU
		{141546D0-C641-4146-8F0C-DFBBF66A0F6C}.Release|Mixed Platforms.Build.0 = Release|Any CPU
		{141546D0-C641-4146-8F0C-DFBBF66A0F6C}.Release|x86.ActiveCfg = Release|Any CPU
		{DA9D8E32-4CEF-44FD-90C5-14B20C1B74C5}.Debug|Any CPU.ActiveCfg = Debug|x86
		{DA9D8E32-4CEF-44FD-90C5-14B20C1B74C5}.Debug|Mixed Platforms.ActiveCfg = Debug|Any CPU
		{DA9D8E32-4CEF-44FD-90C5-14B20C1B74C5}.Debug|Mixed Platforms.Build.0 = Debug|Any CPU
		{DA9D8E32-4CEF-44FD-90C5-14B20C1B74C5}.Debug|x86.ActiveCfg = Debug|x86
		{DA9D8E32-4CEF-44FD-90C5-14B20C1B74C5}.Debug|x86.Build.0 = Debug|x86
		{DA9D8E32-4CEF-44FD-90C5-14B20C1B74C5}.Release|Any CPU.ActiveCfg = Release|x86
		{DA9D8E32-4CEF-44FD-90C5-14B20C1B74C5}.Release|Mixed Platforms.ActiveCfg = Release|Any CPU
		{DA9D8E32-4CEF-44FD-90C5-14B20C1B74C5}.Release|Mixed Platforms.Build.0 = Release|Any CPU
		{DA9D8E32-4CEF-44FD-90C5-14B20C1B74C5}.Release|x86.ActiveCfg = Release|x86
		{DA9D8E32-4CEF-44FD-90C5-14B20C1B74C5}.Release|x86.Build.0 = Release|x86
		{CAFF4BEB-C983-4041-8A6C-A34EC68E546B}.Debug|Any CPU.ActiveCfg = Debug|x86
		{CAFF4BEB-C983-4041-8A6C-A34EC68E546B}.Debug|Mixed Platforms.ActiveCfg = Debug|Any CPU
		{CAFF4BEB-C983-4041-8A6C-A34EC68E546B}.Debug|Mixed Platforms.Build.0 = Debug|Any CPU
		{CAFF4BEB-C983-4041-8A6C-A34EC68E546B}.Debug|x86.ActiveCfg = Debug|x86
		{CAFF4BEB-C983-4041-8A6C-A34EC68E546B}.Debug|x86.Build.0 = Debug|x86
		{CAFF4BEB-C983-4041-8A6C-A34EC68E546B}.Release|Any CPU.ActiveCfg = Release|x86
		{CAFF4BEB-C983-4041-8A6C-A34EC68E546B}.Release|Mixed Platforms.ActiveCfg = Release|Any CPU
		{CAFF4BEB-C983-4041-8A6C-A34EC68E546B}.Release|Mixed Platforms.Build.0 = Release|Any CPU
		{CAFF4BEB-C983-4041-8A6C-A34EC68E546B}.Release|x86.ActiveCfg = Release|x86
		{CAFF4BEB-C983-4041-8A6C-A34EC68E546B}.Release|x86.Build.0 = Release|x86
		{67CBC824-A49E-4E9B-A947-360F3DFE65C3}.Debug|Any CPU.ActiveCfg = Debug|Any CPU
		{67CBC824-A49E-4E9B-A947-360F3DFE65C3}.Debug|Any CPU.Build.0 = Debug|Any CPU
		{67CBC824-A49E-4E9B-A947-360F3DFE65C3}.Debug|Any CPU.Deploy.0 = Debug|Any CPU
		{67CBC824-A49E-4E9B-A947-360F3DFE65C3}.Debug|Mixed Platforms.ActiveCfg = Debug|Any CPU
		{67CBC824-A49E-4E9B-A947-360F3DFE65C3}.Debug|x86.ActiveCfg = Debug|Any CPU
		{67CBC824-A49E-4E9B-A947-360F3DFE65C3}.Release|Any CPU.ActiveCfg = Release|Any CPU
		{67CBC824-A49E-4E9B-A947-360F3DFE65C3}.Release|Any CPU.Build.0 = Release|Any CPU
		{67CBC824-A49E-4E9B-A947-360F3DFE65C3}.Release|Any CPU.Deploy.0 = Release|Any CPU
		{67CBC824-A49E-4E9B-A947-360F3DFE65C3}.Release|Mixed Platforms.ActiveCfg = Release|Any CPU
		{67CBC824-A49E-4E9B-A947-360F3DFE65C3}.Release|x86.ActiveCfg = Release|Any CPU
		{F6E27B5E-EC49-4A62-9346-D8B726CA57E6}.Debug|Any CPU.ActiveCfg = Debug|x86
		{F6E27B5E-EC49-4A62-9346-D8B726CA57E6}.Debug|Mixed Platforms.ActiveCfg = Debug|Any CPU
		{F6E27B5E-EC49-4A62-9346-D8B726CA57E6}.Debug|Mixed Platforms.Build.0 = Debug|Any CPU
		{F6E27B5E-EC49-4A62-9346-D8B726CA57E6}.Debug|x86.ActiveCfg = Debug|x86
		{F6E27B5E-EC49-4A62-9346-D8B726CA57E6}.Debug|x86.Build.0 = Debug|x86
		{F6E27B5E-EC49-4A62-9346-D8B726CA57E6}.Release|Any CPU.ActiveCfg = Release|x86
		{F6E27B5E-EC49-4A62-9346-D8B726CA57E6}.Release|Mixed Platforms.ActiveCfg = Release|Any CPU
		{F6E27B5E-EC49-4A62-9346-D8B726CA57E6}.Release|Mixed Platforms.Build.0 = Release|Any CPU
		{F6E27B5E-EC49-4A62-9346-D8B726CA57E6}.Release|x86.ActiveCfg = Release|x86
		{F6E27B5E-EC49-4A62-9346-D8B726CA57E6}.Release|x86.Build.0 = Release|x86
	EndGlobalSection
	GlobalSection(SolutionProperties) = preSolution
		HideSolutionNode = FALSE
	EndGlobalSection
	GlobalSection(NestedProjects) = preSolution
		{F6E27B5E-EC49-4A62-9346-D8B726CA57E6} = {7F766DDD-7462-4E8C-88F8-612E49C4C37C}
	EndGlobalSection
EndGlobal
